// !$*UTF8*$!
{
	archiveVersion = 1;
	classes = {
	};
	objectVersion = 50;
	objects = {

/* Begin PBXBuildFile section */
		8215DB48255F1CCF00929E61 /* PhotoAlbumVC.swift in Sources */ = {isa = PBXBuildFile; fileRef = 8215DB47255F1CCF00929E61 /* PhotoAlbumVC.swift */; };
		8215DB4C2562DB7600929E61 /* VirtualTourist.xcdatamodeld in Sources */ = {isa = PBXBuildFile; fileRef = 8215DB4A2562DB7500929E61 /* VirtualTourist.xcdatamodeld */; };
		821DEF522562E2B20097EC74 /* DataController.swift in Sources */ = {isa = PBXBuildFile; fileRef = 821DEF512562E2B20097EC74 /* DataController.swift */; };
		821DEF5525657C6D0097EC74 /* CollectionExtension.swift in Sources */ = {isa = PBXBuildFile; fileRef = 821DEF5425657C6D0097EC74 /* CollectionExtension.swift */; };
		821DEF592565B5230097EC74 /* CustomCell.swift in Sources */ = {isa = PBXBuildFile; fileRef = 821DEF582565B5230097EC74 /* CustomCell.swift */; };
		821DEF6425670FF70097EC74 /* PhotosForLocationResponse.swift in Sources */ = {isa = PBXBuildFile; fileRef = 821DEF6325670FF70097EC74 /* PhotosForLocationResponse.swift */; };
		829126DB25531D2E00C4808E /* AppDelegate.swift in Sources */ = {isa = PBXBuildFile; fileRef = 829126DA25531D2E00C4808E /* AppDelegate.swift */; };
		829126DD25531D2E00C4808E /* SceneDelegate.swift in Sources */ = {isa = PBXBuildFile; fileRef = 829126DC25531D2E00C4808E /* SceneDelegate.swift */; };
		829126DF25531D2E00C4808E /* TravelLocationsMapVC.swift in Sources */ = {isa = PBXBuildFile; fileRef = 829126DE25531D2E00C4808E /* TravelLocationsMapVC.swift */; };
		829126E225531D2E00C4808E /* Main.storyboard in Resources */ = {isa = PBXBuildFile; fileRef = 829126E025531D2E00C4808E /* Main.storyboard */; };
		829126E425531D3200C4808E /* Assets.xcassets in Resources */ = {isa = PBXBuildFile; fileRef = 829126E325531D3200C4808E /* Assets.xcassets */; };
		829126E725531D3200C4808E /* LaunchScreen.storyboard in Resources */ = {isa = PBXBuildFile; fileRef = 829126E525531D3200C4808E /* LaunchScreen.storyboard */; };
		829126F42558E87300C4808E /* FlickrClient.swift in Sources */ = {isa = PBXBuildFile; fileRef = 829126F32558E87300C4808E /* FlickrClient.swift */; };
		829126F82559CA5F00C4808E /* MapExtension.swift in Sources */ = {isa = PBXBuildFile; fileRef = 829126F72559CA5F00C4808E /* MapExtension.swift */; };
/* End PBXBuildFile section */

/* Begin PBXFileReference section */
		8215DB47255F1CCF00929E61 /* PhotoAlbumVC.swift */ = {isa = PBXFileReference; lastKnownFileType = sourcecode.swift; path = PhotoAlbumVC.swift; sourceTree = "<group>"; };
		8215DB4B2562DB7500929E61 /* VirtualTourist.xcdatamodel */ = {isa = PBXFileReference; lastKnownFileType = wrapper.xcdatamodel; path = VirtualTourist.xcdatamodel; sourceTree = "<group>"; };
		821DEF512562E2B20097EC74 /* DataController.swift */ = {isa = PBXFileReference; lastKnownFileType = sourcecode.swift; path = DataController.swift; sourceTree = "<group>"; };
		821DEF5425657C6D0097EC74 /* CollectionExtension.swift */ = {isa = PBXFileReference; lastKnownFileType = sourcecode.swift; path = CollectionExtension.swift; sourceTree = "<group>"; };
		821DEF582565B5230097EC74 /* CustomCell.swift */ = {isa = PBXFileReference; lastKnownFileType = sourcecode.swift; path = CustomCell.swift; sourceTree = "<group>"; };
		821DEF6325670FF70097EC74 /* PhotosForLocationResponse.swift */ = {isa = PBXFileReference; lastKnownFileType = sourcecode.swift; path = PhotosForLocationResponse.swift; sourceTree = "<group>"; };
		829126D725531D2E00C4808E /* VirtualTourist-UdacityProject5.app */ = {isa = PBXFileReference; explicitFileType = wrapper.application; includeInIndex = 0; path = "VirtualTourist-UdacityProject5.app"; sourceTree = BUILT_PRODUCTS_DIR; };
		829126DA25531D2E00C4808E /* AppDelegate.swift */ = {isa = PBXFileReference; lastKnownFileType = sourcecode.swift; path = AppDelegate.swift; sourceTree = "<group>"; };
		829126DC25531D2E00C4808E /* SceneDelegate.swift */ = {isa = PBXFileReference; lastKnownFileType = sourcecode.swift; path = SceneDelegate.swift; sourceTree = "<group>"; };
		829126DE25531D2E00C4808E /* TravelLocationsMapVC.swift */ = {isa = PBXFileReference; lastKnownFileType = sourcecode.swift; path = TravelLocationsMapVC.swift; sourceTree = "<group>"; };
		829126E125531D2E00C4808E /* Base */ = {isa = PBXFileReference; lastKnownFileType = file.storyboard; name = Base; path = Base.lproj/Main.storyboard; sourceTree = "<group>"; };
		829126E325531D3200C4808E /* Assets.xcassets */ = {isa = PBXFileReference; lastKnownFileType = folder.assetcatalog; path = Assets.xcassets; sourceTree = "<group>"; };
		829126E625531D3200C4808E /* Base */ = {isa = PBXFileReference; lastKnownFileType = file.storyboard; name = Base; path = Base.lproj/LaunchScreen.storyboard; sourceTree = "<group>"; };
		829126E825531D3200C4808E /* Info.plist */ = {isa = PBXFileReference; lastKnownFileType = text.plist.xml; path = Info.plist; sourceTree = "<group>"; };
		829126F32558E87300C4808E /* FlickrClient.swift */ = {isa = PBXFileReference; lastKnownFileType = sourcecode.swift; path = FlickrClient.swift; sourceTree = "<group>"; };
		829126F72559CA5F00C4808E /* MapExtension.swift */ = {isa = PBXFileReference; lastKnownFileType = sourcecode.swift; path = MapExtension.swift; sourceTree = "<group>"; };
/* End PBXFileReference section */

/* Begin PBXFrameworksBuildPhase section */
		829126D425531D2E00C4808E /* Frameworks */ = {
			isa = PBXFrameworksBuildPhase;
			buildActionMask = 2147483647;
			files = (
			);
			runOnlyForDeploymentPostprocessing = 0;
		};
/* End PBXFrameworksBuildPhase section */

/* Begin PBXGroup section */
		821DEF5B2566EF010097EC74 /* Flickr API */ = {
			isa = PBXGroup;
			children = (
				821DEF5E2566F3240097EC74 /* Responses */,
				821DEF5D2566F2D50097EC74 /* Requests */,
				829126F32558E87300C4808E /* FlickrClient.swift */,
			);
			path = "Flickr API";
			sourceTree = "<group>";
		};
		821DEF5C2566EF270097EC74 /* CoreData */ = {
			isa = PBXGroup;
			children = (
				821DEF512562E2B20097EC74 /* DataController.swift */,
				8215DB4A2562DB7500929E61 /* VirtualTourist.xcdatamodeld */,
			);
			path = CoreData;
			sourceTree = "<group>";
		};
		821DEF5D2566F2D50097EC74 /* Requests */ = {
			isa = PBXGroup;
			children = (
			);
			path = Requests;
			sourceTree = "<group>";
		};
		821DEF5E2566F3240097EC74 /* Responses */ = {
			isa = PBXGroup;
			children = (
				821DEF6325670FF70097EC74 /* PhotosForLocationResponse.swift */,
			);
			path = Responses;
			sourceTree = "<group>";
		};
		829126CE25531D2D00C4808E = {
			isa = PBXGroup;
			children = (
				829126D925531D2E00C4808E /* VirtualTourist-UdacityProject5 */,
				829126D825531D2E00C4808E /* Products */,
			);
			sourceTree = "<group>";
		};
		829126D825531D2E00C4808E /* Products */ = {
			isa = PBXGroup;
			children = (
				829126D725531D2E00C4808E /* VirtualTourist-UdacityProject5.app */,
			);
			name = Products;
			sourceTree = "<group>";
		};
		829126D925531D2E00C4808E /* VirtualTourist-UdacityProject5 */ = {
			isa = PBXGroup;
			children = (
				829126F125531E3C00C4808E /* Controller */,
				829126F025531E2E00C4808E /* View */,
				829126EF25531E2700C4808E /* Model */,
				829126DA25531D2E00C4808E /* AppDelegate.swift */,
				829126DC25531D2E00C4808E /* SceneDelegate.swift */,
				829126E325531D3200C4808E /* Assets.xcassets */,
				829126E825531D3200C4808E /* Info.plist */,
			);
			path = "VirtualTourist-UdacityProject5";
			sourceTree = "<group>";
		};
		829126EF25531E2700C4808E /* Model */ = {
			isa = PBXGroup;
			children = (
				821DEF5C2566EF270097EC74 /* CoreData */,
				821DEF5B2566EF010097EC74 /* Flickr API */,
			);
			path = Model;
			sourceTree = "<group>";
		};
		829126F025531E2E00C4808E /* View */ = {
			isa = PBXGroup;
			children = (
				829126E025531D2E00C4808E /* Main.storyboard */,
				829126E525531D3200C4808E /* LaunchScreen.storyboard */,
			);
			path = View;
			sourceTree = "<group>";
		};
		829126F125531E3C00C4808E /* Controller */ = {
			isa = PBXGroup;
			children = (
				829126F62559CA4E00C4808E /* Extensions */,
				829126DE25531D2E00C4808E /* TravelLocationsMapVC.swift */,
				8215DB47255F1CCF00929E61 /* PhotoAlbumVC.swift */,
				821DEF582565B5230097EC74 /* CustomCell.swift */,
			);
			path = Controller;
			sourceTree = "<group>";
		};
		829126F62559CA4E00C4808E /* Extensions */ = {
			isa = PBXGroup;
			children = (
				829126F72559CA5F00C4808E /* MapExtension.swift */,
				821DEF5425657C6D0097EC74 /* CollectionExtension.swift */,
			);
			path = Extensions;
			sourceTree = "<group>";
		};
/* End PBXGroup section */

/* Begin PBXNativeTarget section */
		829126D625531D2E00C4808E /* VirtualTourist-UdacityProject5 */ = {
			isa = PBXNativeTarget;
			buildConfigurationList = 829126EB25531D3200C4808E /* Build configuration list for PBXNativeTarget "VirtualTourist-UdacityProject5" */;
			buildPhases = (
				829126D325531D2E00C4808E /* Sources */,
				829126D425531D2E00C4808E /* Frameworks */,
				829126D525531D2E00C4808E /* Resources */,
			);
			buildRules = (
			);
			dependencies = (
			);
			name = "VirtualTourist-UdacityProject5";
			productName = "VirtualTourist-UdacityProject5";
			productReference = 829126D725531D2E00C4808E /* VirtualTourist-UdacityProject5.app */;
			productType = "com.apple.product-type.application";
		};
/* End PBXNativeTarget section */

/* Begin PBXProject section */
		829126CF25531D2D00C4808E /* Project object */ = {
			isa = PBXProject;
			attributes = {
				LastSwiftUpdateCheck = 1200;
				LastUpgradeCheck = 1200;
				TargetAttributes = {
					829126D625531D2E00C4808E = {
						CreatedOnToolsVersion = 12.0.1;
					};
				};
			};
			buildConfigurationList = 829126D225531D2D00C4808E /* Build configuration list for PBXProject "VirtualTourist-UdacityProject5" */;
			compatibilityVersion = "Xcode 9.3";
			developmentRegion = en;
			hasScannedForEncodings = 0;
			knownRegions = (
				en,
				Base,
			);
			mainGroup = 829126CE25531D2D00C4808E;
			productRefGroup = 829126D825531D2E00C4808E /* Products */;
			projectDirPath = "";
			projectRoot = "";
			targets = (
				829126D625531D2E00C4808E /* VirtualTourist-UdacityProject5 */,
			);
		};
/* End PBXProject section */

/* Begin PBXResourcesBuildPhase section */
		829126D525531D2E00C4808E /* Resources */ = {
			isa = PBXResourcesBuildPhase;
			buildActionMask = 2147483647;
			files = (
				829126E725531D3200C4808E /* LaunchScreen.storyboard in Resources */,
				829126E425531D3200C4808E /* Assets.xcassets in Resources */,
				829126E225531D2E00C4808E /* Main.storyboard in Resources */,
			);
			runOnlyForDeploymentPostprocessing = 0;
		};
/* End PBXResourcesBuildPhase section */

/* Begin PBXSourcesBuildPhase section */
		829126D325531D2E00C4808E /* Sources */ = {
			isa = PBXSourcesBuildPhase;
			buildActionMask = 2147483647;
			files = (
				821DEF6425670FF70097EC74 /* PhotosForLocationResponse.swift in Sources */,
				8215DB4C2562DB7600929E61 /* VirtualTourist.xcdatamodeld in Sources */,
				829126F82559CA5F00C4808E /* MapExtension.swift in Sources */,
				821DEF592565B5230097EC74 /* CustomCell.swift in Sources */,
				829126DF25531D2E00C4808E /* TravelLocationsMapVC.swift in Sources */,
				829126DB25531D2E00C4808E /* AppDelegate.swift in Sources */,
				8215DB48255F1CCF00929E61 /* PhotoAlbumVC.swift in Sources */,
				821DEF522562E2B20097EC74 /* DataController.swift in Sources */,
				829126DD25531D2E00C4808E /* SceneDelegate.swift in Sources */,
				821DEF5525657C6D0097EC74 /* CollectionExtension.swift in Sources */,
				829126F42558E87300C4808E /* FlickrClient.swift in Sources */,
			);
			runOnlyForDeploymentPostprocessing = 0;
		};
/* End PBXSourcesBuildPhase section */

/* Begin PBXVariantGroup section */
		829126E025531D2E00C4808E /* Main.storyboard */ = {
			isa = PBXVariantGroup;
			children = (
				829126E125531D2E00C4808E /* Base */,
			);
			name = Main.storyboard;
			sourceTree = "<group>";
		};
		829126E525531D3200C4808E /* LaunchScreen.storyboard */ = {
			isa = PBXVariantGroup;
			children = (
				829126E625531D3200C4808E /* Base */,
			);
			name = LaunchScreen.storyboard;
			sourceTree = "<group>";
		};
/* End PBXVariantGroup section */

/* Begin XCBuildConfiguration section */
		829126E925531D3200C4808E /* Debug */ = {
			isa = XCBuildConfiguration;
			buildSettings = {
				ALWAYS_SEARCH_USER_PATHS = NO;
				CLANG_ANALYZER_NONNULL = YES;
				CLANG_ANALYZER_NUMBER_OBJECT_CONVERSION = YES_AGGRESSIVE;
				CLANG_CXX_LANGUAGE_STANDARD = "gnu++14";
				CLANG_CXX_LIBRARY = "libc++";
				CLANG_ENABLE_MODULES = YES;
				CLANG_ENABLE_OBJC_ARC = YES;
				CLANG_ENABLE_OBJC_WEAK = YES;
				CLANG_WARN_BLOCK_CAPTURE_AUTORELEASING = YES;
				CLANG_WARN_BOOL_CONVERSION = YES;
				CLANG_WARN_COMMA = YES;
				CLANG_WARN_CONSTANT_CONVERSION = YES;
				CLANG_WARN_DEPRECATED_OBJC_IMPLEMENTATIONS = YES;
				CLANG_WARN_DIRECT_OBJC_ISA_USAGE = YES_ERROR;
				CLANG_WARN_DOCUMENTATION_COMMENTS = YES;
				CLANG_WARN_EMPTY_BODY = YES;
				CLANG_WARN_ENUM_CONVERSION = YES;
				CLANG_WARN_INFINITE_RECURSION = YES;
				CLANG_WARN_INT_CONVERSION = YES;
				CLANG_WARN_NON_LITERAL_NULL_CONVERSION = YES;
				CLANG_WARN_OBJC_IMPLICIT_RETAIN_SELF = YES;
				CLANG_WARN_OBJC_LITERAL_CONVERSION = YES;
				CLANG_WARN_OBJC_ROOT_CLASS = YES_ERROR;
				CLANG_WARN_QUOTED_INCLUDE_IN_FRAMEWORK_HEADER = YES;
				CLANG_WARN_RANGE_LOOP_ANALYSIS = YES;
				CLANG_WARN_STRICT_PROTOTYPES = YES;
				CLANG_WARN_SUSPICIOUS_MOVE = YES;
				CLANG_WARN_UNGUARDED_AVAILABILITY = YES_AGGRESSIVE;
				CLANG_WARN_UNREACHABLE_CODE = YES;
				CLANG_WARN__DUPLICATE_METHOD_MATCH = YES;
				COPY_PHASE_STRIP = NO;
				DEBUG_INFORMATION_FORMAT = dwarf;
				ENABLE_STRICT_OBJC_MSGSEND = YES;
				ENABLE_TESTABILITY = YES;
				GCC_C_LANGUAGE_STANDARD = gnu11;
				GCC_DYNAMIC_NO_PIC = NO;
				GCC_NO_COMMON_BLOCKS = YES;
				GCC_OPTIMIZATION_LEVEL = 0;
				GCC_PREPROCESSOR_DEFINITIONS = (
					"DEBUG=1",
					"$(inherited)",
				);
				GCC_WARN_64_TO_32_BIT_CONVERSION = YES;
				GCC_WARN_ABOUT_RETURN_TYPE = YES_ERROR;
				GCC_WARN_UNDECLARED_SELECTOR = YES;
				GCC_WARN_UNINITIALIZED_AUTOS = YES_AGGRESSIVE;
				GCC_WARN_UNUSED_FUNCTION = YES;
				GCC_WARN_UNUSED_VARIABLE = YES;
				IPHONEOS_DEPLOYMENT_TARGET = 14.0;
				MTL_ENABLE_DEBUG_INFO = INCLUDE_SOURCE;
				MTL_FAST_MATH = YES;
				ONLY_ACTIVE_ARCH = YES;
				SDKROOT = iphoneos;
				SWIFT_ACTIVE_COMPILATION_CONDITIONS = DEBUG;
				SWIFT_OPTIMIZATION_LEVEL = "-Onone";
			};
			name = Debug;
		};
		829126EA25531D3200C4808E /* Release */ = {
			isa = XCBuildConfiguration;
			buildSettings = {
				ALWAYS_SEARCH_USER_PATHS = NO;
				CLANG_ANALYZER_NONNULL = YES;
				CLANG_ANALYZER_NUMBER_OBJECT_CONVERSION = YES_AGGRESSIVE;
				CLANG_CXX_LANGUAGE_STANDARD = "gnu++14";
				CLANG_CXX_LIBRARY = "libc++";
				CLANG_ENABLE_MODULES = YES;
				CLANG_ENABLE_OBJC_ARC = YES;
				CLANG_ENABLE_OBJC_WEAK = YES;
				CLANG_WARN_BLOCK_CAPTURE_AUTORELEASING = YES;
				CLANG_WARN_BOOL_CONVERSION = YES;
				CLANG_WARN_COMMA = YES;
				CLANG_WARN_CONSTANT_CONVERSION = YES;
				CLANG_WARN_DEPRECATED_OBJC_IMPLEMENTATIONS = YES;
				CLANG_WARN_DIRECT_OBJC_ISA_USAGE = YES_ERROR;
				CLANG_WARN_DOCUMENTATION_COMMENTS = YES;
				CLANG_WARN_EMPTY_BODY = YES;
				CLANG_WARN_ENUM_CONVERSION = YES;
				CLANG_WARN_INFINITE_RECURSION = YES;
				CLANG_WARN_INT_CONVERSION = YES;
				CLANG_WARN_NON_LITERAL_NULL_CONVERSION = YES;
				CLANG_WARN_OBJC_IMPLICIT_RETAIN_SELF = YES;
				CLANG_WARN_OBJC_LITERAL_CONVERSION = YES;
				CLANG_WARN_OBJC_ROOT_CLASS = YES_ERROR;
				CLANG_WARN_QUOTED_INCLUDE_IN_FRAMEWORK_HEADER = YES;
				CLANG_WARN_RANGE_LOOP_ANALYSIS = YES;
				CLANG_WARN_STRICT_PROTOTYPES = YES;
				CLANG_WARN_SUSPICIOUS_MOVE = YES;
				CLANG_WARN_UNGUARDED_AVAILABILITY = YES_AGGRESSIVE;
				CLANG_WARN_UNREACHABLE_CODE = YES;
				CLANG_WARN__DUPLICATE_METHOD_MATCH = YES;
				COPY_PHASE_STRIP = NO;
				DEBUG_INFORMATION_FORMAT = "dwarf-with-dsym";
				ENABLE_NS_ASSERTIONS = NO;
				ENABLE_STRICT_OBJC_MSGSEND = YES;
				GCC_C_LANGUAGE_STANDARD = gnu11;
				GCC_NO_COMMON_BLOCKS = YES;
				GCC_WARN_64_TO_32_BIT_CONVERSION = YES;
				GCC_WARN_ABOUT_RETURN_TYPE = YES_ERROR;
				GCC_WARN_UNDECLARED_SELECTOR = YES;
				GCC_WARN_UNINITIALIZED_AUTOS = YES_AGGRESSIVE;
				GCC_WARN_UNUSED_FUNCTION = YES;
				GCC_WARN_UNUSED_VARIABLE = YES;
				IPHONEOS_DEPLOYMENT_TARGET = 14.0;
				MTL_ENABLE_DEBUG_INFO = NO;
				MTL_FAST_MATH = YES;
				SDKROOT = iphoneos;
				SWIFT_COMPILATION_MODE = wholemodule;
				SWIFT_OPTIMIZATION_LEVEL = "-O";
				VALIDATE_PRODUCT = YES;
			};
			name = Release;
		};
		829126EC25531D3200C4808E /* Debug */ = {
			isa = XCBuildConfiguration;
			buildSettings = {
				ASSETCATALOG_COMPILER_APPICON_NAME = AppIcon;
				ASSETCATALOG_COMPILER_GLOBAL_ACCENT_COLOR_NAME = AccentColor;
				CODE_SIGN_STYLE = Automatic;
				DEVELOPMENT_TEAM = 863D5G6U7P;
				INFOPLIST_FILE = "VirtualTourist-UdacityProject5/Info.plist";
				LD_RUNPATH_SEARCH_PATHS = (
					"$(inherited)",
					"@executable_path/Frameworks",
				);
				PRODUCT_BUNDLE_IDENTIFIER = "com.CedricMorier-Roy.VirtualTourist-UdacityProject5";
				PRODUCT_NAME = "$(TARGET_NAME)";
				SWIFT_VERSION = 5.0;
				TARGETED_DEVICE_FAMILY = "1,2";
			};
			name = Debug;
		};
		829126ED25531D3200C4808E /* Release */ = {
			isa = XCBuildConfiguration;
			buildSettings = {
				ASSETCATALOG_COMPILER_APPICON_NAME = AppIcon;
				ASSETCATALOG_COMPILER_GLOBAL_ACCENT_COLOR_NAME = AccentColor;
				CODE_SIGN_STYLE = Automatic;
				DEVELOPMENT_TEAM = 863D5G6U7P;
				INFOPLIST_FILE = "VirtualTourist-UdacityProject5/Info.plist";
				LD_RUNPATH_SEARCH_PATHS = (
					"$(inherited)",
					"@executable_path/Frameworks",
				);
				PRODUCT_BUNDLE_IDENTIFIER = "com.CedricMorier-Roy.VirtualTourist-UdacityProject5";
				PRODUCT_NAME = "$(TARGET_NAME)";
				SWIFT_VERSION = 5.0;
				TARGETED_DEVICE_FAMILY = "1,2";
			};
			name = Release;
		};
/* End XCBuildConfiguration section */

/* Begin XCConfigurationList section */
		829126D225531D2D00C4808E /* Build configuration list for PBXProject "VirtualTourist-UdacityProject5" */ = {
			isa = XCConfigurationList;
			buildConfigurations = (
				829126E925531D3200C4808E /* Debug */,
				829126EA25531D3200C4808E /* Release */,
			);
			defaultConfigurationIsVisible = 0;
			defaultConfigurationName = Release;
		};
		829126EB25531D3200C4808E /* Build configuration list for PBXNativeTarget "VirtualTourist-UdacityProject5" */ = {
			isa = XCConfigurationList;
			buildConfigurations = (
				829126EC25531D3200C4808E /* Debug */,
				829126ED25531D3200C4808E /* Release */,
			);
			defaultConfigurationIsVisible = 0;
			defaultConfigurationName = Release;
		};
/* End XCConfigurationList section */

/* Begin XCVersionGroup section */
		8215DB4A2562DB7500929E61 /* VirtualTourist.xcdatamodeld */ = {
			isa = XCVersionGroup;
			children = (
				8215DB4B2562DB7500929E61 /* VirtualTourist.xcdatamodel */,
			);
			currentVersion = 8215DB4B2562DB7500929E61 /* VirtualTourist.xcdatamodel */;
			path = VirtualTourist.xcdatamodeld;
			sourceTree = "<group>";
			versionGroupType = wrapper.xcdatamodel;
		};
/* End XCVersionGroup section */
	};
	rootObject = 829126CF25531D2D00C4808E /* Project object */;
}
